// !$*UTF8*$!
{
	archiveVersion = 1;
	classes = {
	};
	objectVersion = 46;
	objects = {

/* Begin PBXBuildFile section */
		37B565BD1B4EA98900E07A45 /* mybutton.m in Sources */ = {isa = PBXBuildFile; fileRef = 37B565BC1B4EA98900E07A45 /* mybutton.m */; };
		37B5660B1B4EAFA700E07A45 /* ACPButton.m in Sources */ = {isa = PBXBuildFile; fileRef = 37B566011B4EAFA700E07A45 /* ACPButton.m */; };
		37B5660C1B4EAFA700E07A45 /* bg.png in Resources */ = {isa = PBXBuildFile; fileRef = 37B566021B4EAFA700E07A45 /* bg.png */; };
		37B5660D1B4EAFA700E07A45 /* bg@2X.png in Resources */ = {isa = PBXBuildFile; fileRef = 37B566031B4EAFA700E07A45 /* bg@2X.png */; };
		37B5660E1B4EAFA700E07A45 /* alert-gray-button.png in Resources */ = {isa = PBXBuildFile; fileRef = 37B566041B4EAFA700E07A45 /* alert-gray-button.png */; };
		37B5660F1B4EAFA700E07A45 /* alert-gray-button@2x.png in Resources */ = {isa = PBXBuildFile; fileRef = 37B566051B4EAFA700E07A45 /* alert-gray-button@2x.png */; };
		37B566101B4EAFA700E07A45 /* cont-bt_highlighted.png in Resources */ = {isa = PBXBuildFile; fileRef = 37B566061B4EAFA700E07A45 /* cont-bt_highlighted.png */; };
		37B566111B4EAFA700E07A45 /* cont-bt_highlighted@2x.png in Resources */ = {isa = PBXBuildFile; fileRef = 37B566071B4EAFA700E07A45 /* cont-bt_highlighted@2x.png */; };
		37B566121B4EAFA700E07A45 /* cont-bt_normal.png in Resources */ = {isa = PBXBuildFile; fileRef = 37B566081B4EAFA700E07A45 /* cont-bt_normal.png */; };
		37B566131B4EAFA700E07A45 /* cont-bt_normal@2x.png in Resources */ = {isa = PBXBuildFile; fileRef = 37B566091B4EAFA700E07A45 /* cont-bt_normal@2x.png */; };
		7D9DF2EB1B4CBCB9006A1C34 /* main.m in Sources */ = {isa = PBXBuildFile; fileRef = 7D9DF2EA1B4CBCB9006A1C34 /* main.m */; };
		7D9DF2EE1B4CBCB9006A1C34 /* AppDelegate.m in Sources */ = {isa = PBXBuildFile; fileRef = 7D9DF2ED1B4CBCB9006A1C34 /* AppDelegate.m */; };
		7D9DF2F11B4CBCB9006A1C34 /* ViewController.m in Sources */ = {isa = PBXBuildFile; fileRef = 7D9DF2F01B4CBCB9006A1C34 /* ViewController.m */; };
		7D9DF2F41B4CBCB9006A1C34 /* Main.storyboard in Resources */ = {isa = PBXBuildFile; fileRef = 7D9DF2F21B4CBCB9006A1C34 /* Main.storyboard */; };
		7D9DF2F61B4CBCB9006A1C34 /* Images.xcassets in Resources */ = {isa = PBXBuildFile; fileRef = 7D9DF2F51B4CBCB9006A1C34 /* Images.xcassets */; };
		7D9DF2F91B4CBCB9006A1C34 /* LaunchScreen.xib in Resources */ = {isa = PBXBuildFile; fileRef = 7D9DF2F71B4CBCB9006A1C34 /* LaunchScreen.xib */; };
		7D9DF3051B4CBCB9006A1C34 /* testudpTests.m in Sources */ = {isa = PBXBuildFile; fileRef = 7D9DF3041B4CBCB9006A1C34 /* testudpTests.m */; };
/* End PBXBuildFile section */

/* Begin PBXContainerItemProxy section */
		37B565FC1B4EAF9C00E07A45 /* PBXContainerItemProxy */ = {
			isa = PBXContainerItemProxy;
			containerPortal = 37B565F71B4EAF9C00E07A45 /* ACPButtons.xcodeproj */;
			proxyType = 2;
			remoteGlobalIDString = 7C95B24B1792B3A600376DFE;
			remoteInfo = ACPButtons;
		};
		37B565FE1B4EAF9C00E07A45 /* PBXContainerItemProxy */ = {
			isa = PBXContainerItemProxy;
			containerPortal = 37B565F71B4EAF9C00E07A45 /* ACPButtons.xcodeproj */;
			proxyType = 2;
			remoteGlobalIDString = 7C95B2741792B3A700376DFE;
			remoteInfo = ACPButtonsTests;
		};
		7D9DF2FF1B4CBCB9006A1C34 /* PBXContainerItemProxy */ = {
			isa = PBXContainerItemProxy;
			containerPortal = 7D9DF2DD1B4CBCB9006A1C34 /* Project object */;
			proxyType = 1;
			remoteGlobalIDString = 7D9DF2E41B4CBCB9006A1C34;
			remoteInfo = testudp;
		};
/* End PBXContainerItemProxy section */

/* Begin PBXFileReference section */
		37B565BB1B4EA98900E07A45 /* mybutton.h */ = {isa = PBXFileReference; fileEncoding = 4; lastKnownFileType = sourcecode.c.h; path = mybutton.h; sourceTree = "<group>"; };
		37B565BC1B4EA98900E07A45 /* mybutton.m */ = {isa = PBXFileReference; fileEncoding = 4; lastKnownFileType = sourcecode.c.objc; path = mybutton.m; sourceTree = "<group>"; };
		37B565F71B4EAF9C00E07A45 /* ACPButtons.xcodeproj */ = {isa = PBXFileReference; lastKnownFileType = "wrapper.pb-project"; name = ACPButtons.xcodeproj; path = ../ACPButton/ACPButtons.xcodeproj; sourceTree = "<group>"; };
		37B566001B4EAFA700E07A45 /* ACPButton.h */ = {isa = PBXFileReference; fileEncoding = 4; lastKnownFileType = sourcecode.c.h; name = ACPButton.h; path = ../../ACPButton/ACPButton.h; sourceTree = "<group>"; };
		37B566011B4EAFA700E07A45 /* ACPButton.m */ = {isa = PBXFileReference; fileEncoding = 4; lastKnownFileType = sourcecode.c.objc; name = ACPButton.m; path = ../../ACPButton/ACPButton.m; sourceTree = "<group>"; };
		37B566021B4EAFA700E07A45 /* bg.png */ = {isa = PBXFileReference; lastKnownFileType = image.png; path = bg.png; sourceTree = "<group>"; };
		37B566031B4EAFA700E07A45 /* bg@2X.png */ = {isa = PBXFileReference; lastKnownFileType = image.png; path = "bg@2X.png"; sourceTree = "<group>"; };
		37B566041B4EAFA700E07A45 /* alert-gray-button.png */ = {isa = PBXFileReference; lastKnownFileType = image.png; path = "alert-gray-button.png"; sourceTree = "<group>"; };
		37B566051B4EAFA700E07A45 /* alert-gray-button@2x.png */ = {isa = PBXFileReference; lastKnownFileType = image.png; path = "alert-gray-button@2x.png"; sourceTree = "<group>"; };
		37B566061B4EAFA700E07A45 /* cont-bt_highlighted.png */ = {isa = PBXFileReference; lastKnownFileType = image.png; path = "cont-bt_highlighted.png"; sourceTree = "<group>"; };
		37B566071B4EAFA700E07A45 /* cont-bt_highlighted@2x.png */ = {isa = PBXFileReference; lastKnownFileType = image.png; path = "cont-bt_highlighted@2x.png"; sourceTree = "<group>"; };
		37B566081B4EAFA700E07A45 /* cont-bt_normal.png */ = {isa = PBXFileReference; lastKnownFileType = image.png; path = "cont-bt_normal.png"; sourceTree = "<group>"; };
		37B566091B4EAFA700E07A45 /* cont-bt_normal@2x.png */ = {isa = PBXFileReference; lastKnownFileType = image.png; path = "cont-bt_normal@2x.png"; sourceTree = "<group>"; };
		7D9DF2E51B4CBCB9006A1C34 /* testudp.app */ = {isa = PBXFileReference; explicitFileType = wrapper.application; includeInIndex = 0; path = testudp.app; sourceTree = BUILT_PRODUCTS_DIR; };
		7D9DF2E91B4CBCB9006A1C34 /* Info.plist */ = {isa = PBXFileReference; lastKnownFileType = text.plist.xml; path = Info.plist; sourceTree = "<group>"; };
		7D9DF2EA1B4CBCB9006A1C34 /* main.m */ = {isa = PBXFileReference; lastKnownFileType = sourcecode.c.objc; path = main.m; sourceTree = "<group>"; };
		7D9DF2EC1B4CBCB9006A1C34 /* AppDelegate.h */ = {isa = PBXFileReference; lastKnownFileType = sourcecode.c.h; path = AppDelegate.h; sourceTree = "<group>"; };
		7D9DF2ED1B4CBCB9006A1C34 /* AppDelegate.m */ = {isa = PBXFileReference; lastKnownFileType = sourcecode.c.objc; path = AppDelegate.m; sourceTree = "<group>"; };
		7D9DF2EF1B4CBCB9006A1C34 /* ViewController.h */ = {isa = PBXFileReference; lastKnownFileType = sourcecode.c.h; path = ViewController.h; sourceTree = "<group>"; };
		7D9DF2F01B4CBCB9006A1C34 /* ViewController.m */ = {isa = PBXFileReference; lastKnownFileType = sourcecode.c.objc; path = ViewController.m; sourceTree = "<group>"; };
		7D9DF2F31B4CBCB9006A1C34 /* Base */ = {isa = PBXFileReference; lastKnownFileType = file.storyboard; name = Base; path = Base.lproj/Main.storyboard; sourceTree = "<group>"; };
		7D9DF2F51B4CBCB9006A1C34 /* Images.xcassets */ = {isa = PBXFileReference; lastKnownFileType = folder.assetcatalog; path = Images.xcassets; sourceTree = "<group>"; };
		7D9DF2F81B4CBCB9006A1C34 /* Base */ = {isa = PBXFileReference; lastKnownFileType = file.xib; name = Base; path = Base.lproj/LaunchScreen.xib; sourceTree = "<group>"; };
		7D9DF2FE1B4CBCB9006A1C34 /* testudpTests.xctest */ = {isa = PBXFileReference; explicitFileType = wrapper.cfbundle; includeInIndex = 0; path = testudpTests.xctest; sourceTree = BUILT_PRODUCTS_DIR; };
		7D9DF3031B4CBCB9006A1C34 /* Info.plist */ = {isa = PBXFileReference; lastKnownFileType = text.plist.xml; path = Info.plist; sourceTree = "<group>"; };
		7D9DF3041B4CBCB9006A1C34 /* testudpTests.m */ = {isa = PBXFileReference; lastKnownFileType = sourcecode.c.objc; path = testudpTests.m; sourceTree = "<group>"; };
/* End PBXFileReference section */

/* Begin PBXFrameworksBuildPhase section */
		7D9DF2E21B4CBCB9006A1C34 /* Frameworks */ = {
			isa = PBXFrameworksBuildPhase;
			buildActionMask = 2147483647;
			files = (
			);
			runOnlyForDeploymentPostprocessing = 0;
		};
		7D9DF2FB1B4CBCB9006A1C34 /* Frameworks */ = {
			isa = PBXFrameworksBuildPhase;
			buildActionMask = 2147483647;
			files = (
			);
			runOnlyForDeploymentPostprocessing = 0;
		};
/* End PBXFrameworksBuildPhase section */

/* Begin PBXGroup section */
		37B565F81B4EAF9C00E07A45 /* Products */ = {
			isa = PBXGroup;
			children = (
				37B565FD1B4EAF9C00E07A45 /* ACPButtons.app */,
				37B565FF1B4EAF9C00E07A45 /* ACPButtonsTests.octest */,
			);
			name = Products;
			sourceTree = "<group>";
		};
		37B5660A1B4EAFA700E07A45 /* Images */ = {
			isa = PBXGroup;
			children = (
				37B566021B4EAFA700E07A45 /* bg.png */,
				37B566031B4EAFA700E07A45 /* bg@2X.png */,
				37B566041B4EAFA700E07A45 /* alert-gray-button.png */,
				37B566051B4EAFA700E07A45 /* alert-gray-button@2x.png */,
				37B566061B4EAFA700E07A45 /* cont-bt_highlighted.png */,
				37B566071B4EAFA700E07A45 /* cont-bt_highlighted@2x.png */,
				37B566081B4EAFA700E07A45 /* cont-bt_normal.png */,
				37B566091B4EAFA700E07A45 /* cont-bt_normal@2x.png */,
			);
			name = Images;
			path = ../../ACPButton/ACPButtons/Images;
			sourceTree = "<group>";
		};
		7D9DF2DC1B4CBCB9006A1C34 = {
			isa = PBXGroup;
			children = (
				37B565F71B4EAF9C00E07A45 /* ACPButtons.xcodeproj */,
				7D9DF2E71B4CBCB9006A1C34 /* testudp */,
				7D9DF3011B4CBCB9006A1C34 /* testudpTests */,
				7D9DF2E61B4CBCB9006A1C34 /* Products */,
			);
			sourceTree = "<group>";
		};
		7D9DF2E61B4CBCB9006A1C34 /* Products */ = {
			isa = PBXGroup;
			children = (
				7D9DF2E51B4CBCB9006A1C34 /* testudp.app */,
				7D9DF2FE1B4CBCB9006A1C34 /* testudpTests.xctest */,
			);
			name = Products;
			sourceTree = "<group>";
		};
		7D9DF2E71B4CBCB9006A1C34 /* testudp */ = {
			isa = PBXGroup;
			children = (
				7D9DF2EC1B4CBCB9006A1C34 /* AppDelegate.h */,
				7D9DF2ED1B4CBCB9006A1C34 /* AppDelegate.m */,
				37B566001B4EAFA700E07A45 /* ACPButton.h */,
				37B566011B4EAFA700E07A45 /* ACPButton.m */,
				37B5660A1B4EAFA700E07A45 /* Images */,
				7D9DF2EF1B4CBCB9006A1C34 /* ViewController.h */,
				37B565BB1B4EA98900E07A45 /* mybutton.h */,
				37B565BC1B4EA98900E07A45 /* mybutton.m */,
				7D9DF2F01B4CBCB9006A1C34 /* ViewController.m */,
				7D9DF2F21B4CBCB9006A1C34 /* Main.storyboard */,
				7D9DF2F51B4CBCB9006A1C34 /* Images.xcassets */,
				7D9DF2F71B4CBCB9006A1C34 /* LaunchScreen.xib */,
				7D9DF2E81B4CBCB9006A1C34 /* Supporting Files */,
			);
			path = testudp;
			sourceTree = "<group>";
		};
		7D9DF2E81B4CBCB9006A1C34 /* Supporting Files */ = {
			isa = PBXGroup;
			children = (
				7D9DF2E91B4CBCB9006A1C34 /* Info.plist */,
				7D9DF2EA1B4CBCB9006A1C34 /* main.m */,
			);
			name = "Supporting Files";
			sourceTree = "<group>";
		};
		7D9DF3011B4CBCB9006A1C34 /* testudpTests */ = {
			isa = PBXGroup;
			children = (
				7D9DF3041B4CBCB9006A1C34 /* testudpTests.m */,
				7D9DF3021B4CBCB9006A1C34 /* Supporting Files */,
			);
			path = testudpTests;
			sourceTree = "<group>";
		};
		7D9DF3021B4CBCB9006A1C34 /* Supporting Files */ = {
			isa = PBXGroup;
			children = (
				7D9DF3031B4CBCB9006A1C34 /* Info.plist */,
			);
			name = "Supporting Files";
			sourceTree = "<group>";
		};
/* End PBXGroup section */

/* Begin PBXNativeTarget section */
		7D9DF2E41B4CBCB9006A1C34 /* testudp */ = {
			isa = PBXNativeTarget;
			buildConfigurationList = 7D9DF3081B4CBCB9006A1C34 /* Build configuration list for PBXNativeTarget "testudp" */;
			buildPhases = (
				7D9DF2E11B4CBCB9006A1C34 /* Sources */,
				7D9DF2E21B4CBCB9006A1C34 /* Frameworks */,
				7D9DF2E31B4CBCB9006A1C34 /* Resources */,
			);
			buildRules = (
			);
			dependencies = (
			);
			name = testudp;
			productName = testudp;
			productReference = 7D9DF2E51B4CBCB9006A1C34 /* testudp.app */;
			productType = "com.apple.product-type.application";
		};
		7D9DF2FD1B4CBCB9006A1C34 /* testudpTests */ = {
			isa = PBXNativeTarget;
			buildConfigurationList = 7D9DF30B1B4CBCB9006A1C34 /* Build configuration list for PBXNativeTarget "testudpTests" */;
			buildPhases = (
				7D9DF2FA1B4CBCB9006A1C34 /* Sources */,
				7D9DF2FB1B4CBCB9006A1C34 /* Frameworks */,
				7D9DF2FC1B4CBCB9006A1C34 /* Resources */,
			);
			buildRules = (
			);
			dependencies = (
				7D9DF3001B4CBCB9006A1C34 /* PBXTargetDependency */,
			);
			name = testudpTests;
			productName = testudpTests;
			productReference = 7D9DF2FE1B4CBCB9006A1C34 /* testudpTests.xctest */;
			productType = "com.apple.product-type.bundle.unit-test";
		};
/* End PBXNativeTarget section */

/* Begin PBXProject section */
		7D9DF2DD1B4CBCB9006A1C34 /* Project object */ = {
			isa = PBXProject;
			attributes = {
				LastUpgradeCheck = 0630;
				ORGANIZATIONNAME = weigou;
				TargetAttributes = {
					7D9DF2E41B4CBCB9006A1C34 = {
						CreatedOnToolsVersion = 6.3;
						DevelopmentTeam = 4Z6769NL52;
					};
					7D9DF2FD1B4CBCB9006A1C34 = {
						CreatedOnToolsVersion = 6.3;
						TestTargetID = 7D9DF2E41B4CBCB9006A1C34;
					};
				};
			};
			buildConfigurationList = 7D9DF2E01B4CBCB9006A1C34 /* Build configuration list for PBXProject "testudp" */;
			compatibilityVersion = "Xcode 3.2";
			developmentRegion = English;
			hasScannedForEncodings = 0;
			knownRegions = (
				en,
				Base,
			);
			mainGroup = 7D9DF2DC1B4CBCB9006A1C34;
			productRefGroup = 7D9DF2E61B4CBCB9006A1C34 /* Products */;
			projectDirPath = "";
			projectReferences = (
				{
					ProductGroup = 37B565F81B4EAF9C00E07A45 /* Products */;
					ProjectRef = 37B565F71B4EAF9C00E07A45 /* ACPButtons.xcodeproj */;
				},
			);
			projectRoot = "";
			targets = (
				7D9DF2E41B4CBCB9006A1C34 /* testudp */,
				7D9DF2FD1B4CBCB9006A1C34 /* testudpTests */,
			);
		};
/* End PBXProject section */

/* Begin PBXReferenceProxy section */
		37B565FD1B4EAF9C00E07A45 /* ACPButtons.app */ = {
			isa = PBXReferenceProxy;
			fileType = wrapper.application;
			path = ACPButtons.app;
			remoteRef = 37B565FC1B4EAF9C00E07A45 /* PBXContainerItemProxy */;
			sourceTree = BUILT_PRODUCTS_DIR;
		};
		37B565FF1B4EAF9C00E07A45 /* ACPButtonsTests.octest */ = {
			isa = PBXReferenceProxy;
			fileType = wrapper.cfbundle;
			path = ACPButtonsTests.octest;
			remoteRef = 37B565FE1B4EAF9C00E07A45 /* PBXContainerItemProxy */;
			sourceTree = BUILT_PRODUCTS_DIR;
		};
/* End PBXReferenceProxy section */

/* Begin PBXResourcesBuildPhase section */
		7D9DF2E31B4CBCB9006A1C34 /* Resources */ = {
			isa = PBXResourcesBuildPhase;
			buildActionMask = 2147483647;
			files = (
				7D9DF2F41B4CBCB9006A1C34 /* Main.storyboard in Resources */,
				37B566101B4EAFA700E07A45 /* cont-bt_highlighted.png in Resources */,
				37B566131B4EAFA700E07A45 /* cont-bt_normal@2x.png in Resources */,
				37B5660F1B4EAFA700E07A45 /* alert-gray-button@2x.png in Resources */,
				37B566111B4EAFA700E07A45 /* cont-bt_highlighted@2x.png in Resources */,
				7D9DF2F91B4CBCB9006A1C34 /* LaunchScreen.xib in Resources */,
				37B5660C1B4EAFA700E07A45 /* bg.png in Resources */,
				37B5660D1B4EAFA700E07A45 /* bg@2X.png in Resources */,
				7D9DF2F61B4CBCB9006A1C34 /* Images.xcassets in Resources */,
				37B566121B4EAFA700E07A45 /* cont-bt_normal.png in Resources */,
				37B5660E1B4EAFA700E07A45 /* alert-gray-button.png in Resources */,
			);
			runOnlyForDeploymentPostprocessing = 0;
		};
		7D9DF2FC1B4CBCB9006A1C34 /* Resources */ = {
			isa = PBXResourcesBuildPhase;
			buildActionMask = 2147483647;
			files = (
			);
			runOnlyForDeploymentPostprocessing = 0;
		};
/* End PBXResourcesBuildPhase section */

/* Begin PBXSourcesBuildPhase section */
		7D9DF2E11B4CBCB9006A1C34 /* Sources */ = {
			isa = PBXSourcesBuildPhase;
			buildActionMask = 2147483647;
			files = (
				7D9DF2F11B4CBCB9006A1C34 /* ViewController.m in Sources */,
				7D9DF2EE1B4CBCB9006A1C34 /* AppDelegate.m in Sources */,
				7D9DF2EB1B4CBCB9006A1C34 /* main.m in Sources */,
				37B5660B1B4EAFA700E07A45 /* ACPButton.m in Sources */,
				37B565BD1B4EA98900E07A45 /* mybutton.m in Sources */,
			);
			runOnlyForDeploymentPostprocessing = 0;
		};
		7D9DF2FA1B4CBCB9006A1C34 /* Sources */ = {
			isa = PBXSourcesBuildPhase;
			buildActionMask = 2147483647;
			files = (
				7D9DF3051B4CBCB9006A1C34 /* testudpTests.m in Sources */,
			);
			runOnlyForDeploymentPostprocessing = 0;
		};
/* End PBXSourcesBuildPhase section */

/* Begin PBXTargetDependency section */
		7D9DF3001B4CBCB9006A1C34 /* PBXTargetDependency */ = {
			isa = PBXTargetDependency;
			target = 7D9DF2E41B4CBCB9006A1C34 /* testudp */;
			targetProxy = 7D9DF2FF1B4CBCB9006A1C34 /* PBXContainerItemProxy */;
		};
/* End PBXTargetDependency section */

/* Begin PBXVariantGroup section */
		7D9DF2F21B4CBCB9006A1C34 /* Main.storyboard */ = {
			isa = PBXVariantGroup;
			children = (
				7D9DF2F31B4CBCB9006A1C34 /* Base */,
			);
			name = Main.storyboard;
			sourceTree = "<group>";
		};
		7D9DF2F71B4CBCB9006A1C34 /* LaunchScreen.xib */ = {
			isa = PBXVariantGroup;
			children = (
				7D9DF2F81B4CBCB9006A1C34 /* Base */,
			);
			name = LaunchScreen.xib;
			sourceTree = "<group>";
		};
/* End PBXVariantGroup section */

/* Begin XCBuildConfiguration section */
		7D9DF3061B4CBCB9006A1C34 /* Debug */ = {
			isa = XCBuildConfiguration;
			buildSettings = {
				ALWAYS_SEARCH_USER_PATHS = NO;
				CLANG_CXX_LANGUAGE_STANDARD = "gnu++0x";
				CLANG_CXX_LIBRARY = "libc++";
				CLANG_ENABLE_MODULES = YES;
				CLANG_ENABLE_OBJC_ARC = YES;
				CLANG_WARN_BOOL_CONVERSION = YES;
				CLANG_WARN_CONSTANT_CONVERSION = YES;
				CLANG_WARN_DIRECT_OBJC_ISA_USAGE = YES_ERROR;
				CLANG_WARN_EMPTY_BODY = YES;
				CLANG_WARN_ENUM_CONVERSION = YES;
				CLANG_WARN_INT_CONVERSION = YES;
				CLANG_WARN_OBJC_ROOT_CLASS = YES_ERROR;
				CLANG_WARN_UNREACHABLE_CODE = YES;
				CLANG_WARN__DUPLICATE_METHOD_MATCH = YES;
				"CODE_SIGN_IDENTITY[sdk=iphoneos*]" = "iPhone Developer";
				COPY_PHASE_STRIP = NO;
				DEBUG_INFORMATION_FORMAT = "dwarf-with-dsym";
				ENABLE_STRICT_OBJC_MSGSEND = YES;
				GCC_C_LANGUAGE_STANDARD = gnu99;
				GCC_DYNAMIC_NO_PIC = NO;
				GCC_NO_COMMON_BLOCKS = YES;
				GCC_OPTIMIZATION_LEVEL = 0;
				GCC_PREPROCESSOR_DEFINITIONS = (
					"DEBUG=1",
					"$(inherited)",
				);
				GCC_SYMBOLS_PRIVATE_EXTERN = NO;
				GCC_WARN_64_TO_32_BIT_CONVERSION = YES;
				GCC_WARN_ABOUT_RETURN_TYPE = YES_ERROR;
				GCC_WARN_UNDECLARED_SELECTOR = YES;
				GCC_WARN_UNINITIALIZED_AUTOS = YES_AGGRESSIVE;
				GCC_WARN_UNUSED_FUNCTION = YES;
				GCC_WARN_UNUSED_VARIABLE = YES;
				IPHONEOS_DEPLOYMENT_TARGET = 8.3;
				MTL_ENABLE_DEBUG_INFO = YES;
				ONLY_ACTIVE_ARCH = YES;
				SDKROOT = iphoneos;
				TARGETED_DEVICE_FAMILY = "1,2";
			};
			name = Debug;
		};
		7D9DF3071B4CBCB9006A1C34 /* Release */ = {
			isa = XCBuildConfiguration;
			buildSettings = {
				ALWAYS_SEARCH_USER_PATHS = NO;
				CLANG_CXX_LANGUAGE_STANDARD = "gnu++0x";
				CLANG_CXX_LIBRARY = "libc++";
				CLANG_ENABLE_MODULES = YES;
				CLANG_ENABLE_OBJC_ARC = YES;
				CLANG_WARN_BOOL_CONVERSION = YES;
				CLANG_WARN_CONSTANT_CONVERSION = YES;
				CLANG_WARN_DIRECT_OBJC_ISA_USAGE = YES_ERROR;
				CLANG_WARN_EMPTY_BODY = YES;
				CLANG_WARN_ENUM_CONVERSION = YES;
				CLANG_WARN_INT_CONVERSION = YES;
				CLANG_WARN_OBJC_ROOT_CLASS = YES_ERROR;
				CLANG_WARN_UNREACHABLE_CODE = YES;
				CLANG_WARN__DUPLICATE_METHOD_MATCH = YES;
				"CODE_SIGN_IDENTITY[sdk=iphoneos*]" = "iPhone Developer";
				COPY_PHASE_STRIP = NO;
				DEBUG_INFORMATION_FORMAT = "dwarf-with-dsym";
				ENABLE_NS_ASSERTIONS = NO;
				ENABLE_STRICT_OBJC_MSGSEND = YES;
				GCC_C_LANGUAGE_STANDARD = gnu99;
				GCC_NO_COMMON_BLOCKS = YES;
				GCC_WARN_64_TO_32_BIT_CONVERSION = YES;
				GCC_WARN_ABOUT_RETURN_TYPE = YES_ERROR;
				GCC_WARN_UNDECLARED_SELECTOR = YES;
				GCC_WARN_UNINITIALIZED_AUTOS = YES_AGGRESSIVE;
				GCC_WARN_UNUSED_FUNCTION = YES;
				GCC_WARN_UNUSED_VARIABLE = YES;
				IPHONEOS_DEPLOYMENT_TARGET = 8.3;
				MTL_ENABLE_DEBUG_INFO = NO;
				SDKROOT = iphoneos;
				TARGETED_DEVICE_FAMILY = "1,2";
				VALIDATE_PRODUCT = YES;
			};
			name = Release;
		};
		7D9DF3091B4CBCB9006A1C34 /* Debug */ = {
			isa = XCBuildConfiguration;
			buildSettings = {
				ASSETCATALOG_COMPILER_APPICON_NAME = AppIcon;
				CODE_SIGN_IDENTITY = "iPhone Developer";
				INFOPLIST_FILE = testudp/Info.plist;
				IPHONEOS_DEPLOYMENT_TARGET = 7.0;
				LD_RUNPATH_SEARCH_PATHS = "$(inherited) @executable_path/Frameworks";
				PRODUCT_NAME = "$(TARGET_NAME)";
				TARGETED_DEVICE_FAMILY = "1,2";
			};
			name = Debug;
		};
		7D9DF30A1B4CBCB9006A1C34 /* Release */ = {
			isa = XCBuildConfiguration;
			buildSettings = {
				ASSETCATALOG_COMPILER_APPICON_NAME = AppIcon;
				CODE_SIGN_IDENTITY = "iPhone Developer";
				INFOPLIST_FILE = testudp/Info.plist;
				IPHONEOS_DEPLOYMENT_TARGET = 7.0;
				LD_RUNPATH_SEARCH_PATHS = "$(inherited) @executable_path/Frameworks";
				PRODUCT_NAME = "$(TARGET_NAME)";
				TARGETED_DEVICE_FAMILY = "1,2";
			};
			name = Release;
		};
		7D9DF30C1B4CBCB9006A1C34 /* Debug */ = {
			isa = XCBuildConfiguration;
			buildSettings = {
				BUNDLE_LOADER = "$(TEST_HOST)";
				FRAMEWORK_SEARCH_PATHS = (
					"$(SDKROOT)/Developer/Library/Frameworks",
					"$(inherited)",
				);
				GCC_PREPROCESSOR_DEFINITIONS = (
					"DEBUG=1",
					"$(inherited)",
				);
				INFOPLIST_FILE = testudpTests/Info.plist;
				LD_RUNPATH_SEARCH_PATHS = "$(inherited) @executable_path/Frameworks @loader_path/Frameworks";
				PRODUCT_NAME = "$(TARGET_NAME)";
				TEST_HOST = "$(BUILT_PRODUCTS_DIR)/testudp.app/testudp";
			};
			name = Debug;
		};
		7D9DF30D1B4CBCB9006A1C34 /* Release */ = {
			isa = XCBuildConfiguration;
			buildSettings = {
				BUNDLE_LOADER = "$(TEST_HOST)";
				FRAMEWORK_SEARCH_PATHS = (
					"$(SDKROOT)/Developer/Library/Frameworks",
					"$(inherited)",
				);
				INFOPLIST_FILE = testudpTests/Info.plist;
				LD_RUNPATH_SEARCH_PATHS = "$(inherited) @executable_path/Frameworks @loader_path/Frameworks";
				PRODUCT_NAME = "$(TARGET_NAME)";
				TEST_HOST = "$(BUILT_PRODUCTS_DIR)/testudp.app/testudp";
			};
			name = Release;
		};
/* End XCBuildConfiguration section */

/* Begin XCConfigurationList section */
		7D9DF2E01B4CBCB9006A1C34 /* Build configuration list for PBXProject "testudp" */ = {
			isa = XCConfigurationList;
			buildConfigurations = (
				7D9DF3061B4CBCB9006A1C34 /* Debug */,
				7D9DF3071B4CBCB9006A1C34 /* Release */,
			);
			defaultConfigurationIsVisible = 0;
			defaultConfigurationName = Release;
		};
		7D9DF3081B4CBCB9006A1C34 /* Build configuration list for PBXNativeTarget "testudp" */ = {
			isa = XCConfigurationList;
			buildConfigurations = (
				7D9DF3091B4CBCB9006A1C34 /* Debug */,
				7D9DF30A1B4CBCB9006A1C34 /* Release */,
			);
			defaultConfigurationIsVisible = 0;
			defaultConfigurationName = Release;
		};
		7D9DF30B1B4CBCB9006A1C34 /* Build configuration list for PBXNativeTarget "testudpTests" */ = {
			isa = XCConfigurationList;
			buildConfigurations = (
				7D9DF30C1B4CBCB9006A1C34 /* Debug */,
				7D9DF30D1B4CBCB9006A1C34 /* Release */,
			);
			defaultConfigurationIsVisible = 0;
			defaultConfigurationName = Release;
		};
/* End XCConfigurationList section */
	};
	rootObject = 7D9DF2DD1B4CBCB9006A1C34 /* Project object */;
}
